
Microsoft Visual Studio Solution File, Format Version 12.00
# Visual Studio 14
VisualStudioVersion = 14.0.25420.1
MinimumVisualStudioVersion = 10.0.40219.1
Project("{FAE04EC0-301F-11D3-BF4B-00C04F79EFBC}") = "Asset Management_Alpha", "Asset Management_Alpha\Asset Management_Alpha.csproj", "{ACFBFCE9-2B53-4633-ACB2-8328698C291B}"
EndProject
Project("{FAE04EC0-301F-11D3-BF4B-00C04F79EFBC}") = "ValueObject", "ValueObject\ValueObject.csproj", "{262D1283-DC03-4B9C-8119-2DB26B4521B2}"
EndProject
Project("{FAE04EC0-301F-11D3-BF4B-00C04F79EFBC}") = "DataAccessLayer", "DataAccessLayer\DataAccessLayer.csproj", "{822FC5E2-E691-4B71-9760-2CA71D37D305}"
EndProject
Project("{FAE04EC0-301F-11D3-BF4B-00C04F79EFBC}") = "BussinessLogicLayer", "BussinessLogicLayer\BussinessLogicLayer.csproj", "{ECD65961-EC7E-4B45-8BED-06542EC1ECBA}"
EndProject
Global
	GlobalSection(SolutionConfigurationPlatforms) = preSolution
		CD_ROM|Any CPU = CD_ROM|Any CPU
		CD_ROM|x86 = CD_ROM|x86
		Debug|Any CPU = Debug|Any CPU
		Debug|x86 = Debug|x86
		DVD-5|Any CPU = DVD-5|Any CPU
		DVD-5|x86 = DVD-5|x86
		Release|Any CPU = Release|Any CPU
		Release|x86 = Release|x86
		SingleImage|Any CPU = SingleImage|Any CPU
		SingleImage|x86 = SingleImage|x86
	EndGlobalSection
	GlobalSection(ProjectConfigurationPlatforms) = postSolution
		{ACFBFCE9-2B53-4633-ACB2-8328698C291B}.CD_ROM|Any CPU.ActiveCfg = Release|Any CPU
		{ACFBFCE9-2B53-4633-ACB2-8328698C291B}.CD_ROM|Any CPU.Build.0 = Release|Any CPU
		{ACFBFCE9-2B53-4633-ACB2-8328698C291B}.CD_ROM|x86.ActiveCfg = Release|x86
		{ACFBFCE9-2B53-4633-ACB2-8328698C291B}.CD_ROM|x86.Build.0 = Release|x86
		{ACFBFCE9-2B53-4633-ACB2-8328698C291B}.Debug|Any CPU.ActiveCfg = Debug|Any CPU
		{ACFBFCE9-2B53-4633-ACB2-8328698C291B}.Debug|Any CPU.Build.0 = Debug|Any CPU
		{ACFBFCE9-2B53-4633-ACB2-8328698C291B}.Debug|x86.ActiveCfg = Debug|x86
		{ACFBFCE9-2B53-4633-ACB2-8328698C291B}.Debug|x86.Build.0 = Debug|x86
		{ACFBFCE9-2B53-4633-ACB2-8328698C291B}.DVD-5|Any CPU.ActiveCfg = Debug|Any CPU
		{ACFBFCE9-2B53-4633-ACB2-8328698C291B}.DVD-5|Any CPU.Build.0 = Debug|Any CPU
		{ACFBFCE9-2B53-4633-ACB2-8328698C291B}.DVD-5|x86.ActiveCfg = Debug|x86
		{ACFBFCE9-2B53-4633-ACB2-8328698C291B}.DVD-5|x86.Build.0 = Debug|x86
		{ACFBFCE9-2B53-4633-ACB2-8328698C291B}.Release|Any CPU.ActiveCfg = Release|Any CPU
		{ACFBFCE9-2B53-4633-ACB2-8328698C291B}.Release|Any CPU.Build.0 = Release|Any CPU
		{ACFBFCE9-2B53-4633-ACB2-8328698C291B}.Release|x86.ActiveCfg = Release|x86
		{ACFBFCE9-2B53-4633-ACB2-8328698C291B}.Release|x86.Build.0 = Release|x86
		{ACFBFCE9-2B53-4633-ACB2-8328698C291B}.SingleImage|Any CPU.ActiveCfg = Release|Any CPU
		{ACFBFCE9-2B53-4633-ACB2-8328698C291B}.SingleImage|Any CPU.Build.0 = Release|Any CPU
		{ACFBFCE9-2B53-4633-ACB2-8328698C291B}.SingleImage|x86.ActiveCfg = Release|x86
		{ACFBFCE9-2B53-4633-ACB2-8328698C291B}.SingleImage|x86.Build.0 = Release|x86
		{262D1283-DC03-4B9C-8119-2DB26B4521B2}.CD_ROM|Any CPU.ActiveCfg = Release|Any CPU
		{262D1283-DC03-4B9C-8119-2DB26B4521B2}.CD_ROM|Any CPU.Build.0 = Release|Any CPU
		{262D1283-DC03-4B9C-8119-2DB26B4521B2}.CD_ROM|x86.ActiveCfg = Release|x86
		{262D1283-DC03-4B9C-8119-2DB26B4521B2}.CD_ROM|x86.Build.0 = Release|x86
		{262D1283-DC03-4B9C-8119-2DB26B4521B2}.Debug|Any CPU.ActiveCfg = Debug|Any CPU
		{262D1283-DC03-4B9C-8119-2DB26B4521B2}.Debug|Any CPU.Build.0 = Debug|Any CPU
		{262D1283-DC03-4B9C-8119-2DB26B4521B2}.Debug|x86.ActiveCfg = Debug|x86
		{262D1283-DC03-4B9C-8119-2DB26B4521B2}.Debug|x86.Build.0 = Debug|x86
		{262D1283-DC03-4B9C-8119-2DB26B4521B2}.DVD-5|Any CPU.ActiveCfg = Debug|Any CPU
		{262D1283-DC03-4B9C-8119-2DB26B4521B2}.DVD-5|Any CPU.Build.0 = Debug|Any CPU
		{262D1283-DC03-4B9C-8119-2DB26B4521B2}.DVD-5|x86.ActiveCfg = Debug|x86
		{262D1283-DC03-4B9C-8119-2DB26B4521B2}.DVD-5|x86.Build.0 = Debug|x86
		{262D1283-DC03-4B9C-8119-2DB26B4521B2}.Release|Any CPU.ActiveCfg = Release|Any CPU
		{262D1283-DC03-4B9C-8119-2DB26B4521B2}.Release|Any CPU.Build.0 = Release|Any CPU
		{262D1283-DC03-4B9C-8119-2DB26B4521B2}.Release|x86.ActiveCfg = Release|x86
		{262D1283-DC03-4B9C-8119-2DB26B4521B2}.Release|x86.Build.0 = Release|x86
		{262D1283-DC03-4B9C-8119-2DB26B4521B2}.SingleImage|Any CPU.ActiveCfg = Release|Any CPU
		{262D1283-DC03-4B9C-8119-2DB26B4521B2}.SingleImage|Any CPU.Build.0 = Release|Any CPU
		{262D1283-DC03-4B9C-8119-2DB26B4521B2}.SingleImage|x86.ActiveCfg = Release|x86
		{262D1283-DC03-4B9C-8119-2DB26B4521B2}.SingleImage|x86.Build.0 = Release|x86
		{822FC5E2-E691-4B71-9760-2CA71D37D305}.CD_ROM|Any CPU.ActiveCfg = Release|Any CPU
		{822FC5E2-E691-4B71-9760-2CA71D37D305}.CD_ROM|Any CPU.Build.0 = Release|Any CPU
		{822FC5E2-E691-4B71-9760-2CA71D37D305}.CD_ROM|x86.ActiveCfg = Release|x86
		{822FC5E2-E691-4B71-9760-2CA71D37D305}.CD_ROM|x86.Build.0 = Release|x86
		{822FC5E2-E691-4B71-9760-2CA71D37D305}.Debug|Any CPU.ActiveCfg = Debug|Any CPU
		{822FC5E2-E691-4B71-9760-2CA71D37D305}.Debug|Any CPU.Build.0 = Debug|Any CPU
		{822FC5E2-E691-4B71-9760-2CA71D37D305}.Debug|x86.ActiveCfg = Debug|x86
		{822FC5E2-E691-4B71-9760-2CA71D37D305}.Debug|x86.Build.0 = Debug|x86
		{822FC5E2-E691-4B71-9760-2CA71D37D305}.DVD-5|Any CPU.ActiveCfg = Debug|Any CPU
		{822FC5E2-E691-4B71-9760-2CA71D37D305}.DVD-5|Any CPU.Build.0 = Debug|Any CPU
		{822FC5E2-E691-4B71-9760-2CA71D37D305}.DVD-5|x86.ActiveCfg = Debug|x86
		{822FC5E2-E691-4B71-9760-2CA71D37D305}.DVD-5|x86.Build.0 = Debug|x86
		{822FC5E2-E691-4B71-9760-2CA71D37D305}.Release|Any CPU.ActiveCfg = Release|Any CPU
		{822FC5E2-E691-4B71-9760-2CA71D37D305}.Release|Any CPU.Build.0 = Release|Any CPU
		{822FC5E2-E691-4B71-9760-2CA71D37D305}.Release|x86.ActiveCfg = Release|x86
		{822FC5E2-E691-4B71-9760-2CA71D37D305}.Release|x86.Build.0 = Release|x86
		{822FC5E2-E691-4B71-9760-2CA71D37D305}.SingleImage|Any CPU.ActiveCfg = Release|Any CPU
		{822FC5E2-E691-4B71-9760-2CA71D37D305}.SingleImage|Any CPU.Build.0 = Release|Any CPU
		{822FC5E2-E691-4B71-9760-2CA71D37D305}.SingleImage|x86.ActiveCfg = Release|x86
		{822FC5E2-E691-4B71-9760-2CA71D37D305}.SingleImage|x86.Build.0 = Release|x86
		{ECD65961-EC7E-4B45-8BED-06542EC1ECBA}.CD_ROM|Any CPU.ActiveCfg = Release|Any CPU
		{ECD65961-EC7E-4B45-8BED-06542EC1ECBA}.CD_ROM|Any CPU.Build.0 = Release|Any CPU
		{ECD65961-EC7E-4B45-8BED-06542EC1ECBA}.CD_ROM|x86.ActiveCfg = Release|x86
		{ECD65961-EC7E-4B45-8BED-06542EC1ECBA}.CD_ROM|x86.Build.0 = Release|x86
		{ECD65961-EC7E-4B45-8BED-06542EC1ECBA}.Debug|Any CPU.ActiveCfg = Debug|Any CPU
		{ECD65961-EC7E-4B45-8BED-06542EC1ECBA}.Debug|Any CPU.Build.0 = Debug|Any CPU
		{ECD65961-EC7E-4B45-8BED-06542EC1ECBA}.Debug|x86.ActiveCfg = Debug|x86
		{ECD65961-EC7E-4B45-8BED-06542EC1ECBA}.Debug|x86.Build.0 = Debug|x86
		{ECD65961-EC7E-4B45-8BED-06542EC1ECBA}.DVD-5|Any CPU.ActiveCfg = Debug|Any CPU
		{ECD65961-EC7E-4B45-8BED-06542EC1ECBA}.DVD-5|Any CPU.Build.0 = Debug|Any CPU
		{ECD65961-EC7E-4B45-8BED-06542EC1ECBA}.DVD-5|x86.ActiveCfg = Debug|x86
		{ECD65961-EC7E-4B45-8BED-06542EC1ECBA}.DVD-5|x86.Build.0 = Debug|x86
		{ECD65961-EC7E-4B45-8BED-06542EC1ECBA}.Release|Any CPU.ActiveCfg = Release|Any CPU
		{ECD65961-EC7E-4B45-8BED-06542EC1ECBA}.Release|Any CPU.Build.0 = Release|Any CPU
		{ECD65961-EC7E-4B45-8BED-06542EC1ECBA}.Release|x86.ActiveCfg = Release|x86
		{ECD65961-EC7E-4B45-8BED-06542EC1ECBA}.Release|x86.Build.0 = Release|x86
		{ECD65961-EC7E-4B45-8BED-06542EC1ECBA}.SingleImage|Any CPU.ActiveCfg = Release|Any CPU
		{ECD65961-EC7E-4B45-8BED-06542EC1ECBA}.SingleImage|Any CPU.Build.0 = Release|Any CPU
		{ECD65961-EC7E-4B45-8BED-06542EC1ECBA}.SingleImage|x86.ActiveCfg = Release|x86
		{ECD65961-EC7E-4B45-8BED-06542EC1ECBA}.SingleImage|x86.Build.0 = Release|x86
	EndGlobalSection
	GlobalSection(SolutionProperties) = preSolution
		HideSolutionNode = FALSE
	EndGlobalSection
EndGlobal
